// !$*UTF8*$!
{
	archiveVersion = 1;
	classes = {
	};
	objectVersion = 46;
	objects = {

/* Begin PBXBuildFile section */
		27185C4B1C73017F00E60B64 /* 002ViewController.swift in Sources */ = {isa = PBXBuildFile; fileRef = 27185C4A1C73017F00E60B64 /* 002ViewController.swift */; };
		274AB4471C7FFF1900802C30 /* recorder.mp3 in Resources */ = {isa = PBXBuildFile; fileRef = 274AB4461C7FFF1900802C30 /* recorder.mp3 */; };
		2792594B1C719F9200855E43 /* AppDelegate.swift in Sources */ = {isa = PBXBuildFile; fileRef = 2792594A1C719F9200855E43 /* AppDelegate.swift */; };
		279259501C719F9200855E43 /* Main.storyboard in Resources */ = {isa = PBXBuildFile; fileRef = 2792594E1C719F9200855E43 /* Main.storyboard */; };
		279259521C719F9200855E43 /* Assets.xcassets in Resources */ = {isa = PBXBuildFile; fileRef = 279259511C719F9200855E43 /* Assets.xcassets */; };
		279259551C719F9200855E43 /* LaunchScreen.storyboard in Resources */ = {isa = PBXBuildFile; fileRef = 279259531C719F9200855E43 /* LaunchScreen.storyboard */; };
		27A3DE4E1C7AE16B005CCDA7 /* ThirdViewController.swift in Sources */ = {isa = PBXBuildFile; fileRef = 27A3DE4D1C7AE16B005CCDA7 /* ThirdViewController.swift */; };
		27E5D3F91C75F36E0034AB9D /* tori.jpg in Resources */ = {isa = PBXBuildFile; fileRef = 27E5D3F81C75F36E0034AB9D /* tori.jpg */; };
		27F6A9041C806FF2004EED2C /* customButtonr.swift in Sources */ = {isa = PBXBuildFile; fileRef = 27F6A9031C806FF2004EED2C /* customButtonr.swift */; };
		27F6A9061C80AC27004EED2C /* yakei.jpg in Resources */ = {isa = PBXBuildFile; fileRef = 27F6A9051C80AC27004EED2C /* yakei.jpg */; };
/* End PBXBuildFile section */

/* Begin PBXFileReference section */
		27185C4A1C73017F00E60B64 /* 002ViewController.swift */ = {isa = PBXFileReference; fileEncoding = 4; lastKnownFileType = sourcecode.swift; path = 002ViewController.swift; sourceTree = "<group>"; };
		274AB4461C7FFF1900802C30 /* recorder.mp3 */ = {isa = PBXFileReference; lastKnownFileType = audio.mp3; path = recorder.mp3; sourceTree = "<group>"; };
		279259471C719F9200855E43 /* A!.app */ = {isa = PBXFileReference; explicitFileType = wrapper.application; includeInIndex = 0; path = "A!.app"; sourceTree = BUILT_PRODUCTS_DIR; };
		2792594A1C719F9200855E43 /* AppDelegate.swift */ = {isa = PBXFileReference; lastKnownFileType = sourcecode.swift; path = AppDelegate.swift; sourceTree = "<group>"; };
		2792594F1C719F9200855E43 /* Base */ = {isa = PBXFileReference; lastKnownFileType = file.storyboard; name = Base; path = Base.lproj/Main.storyboard; sourceTree = "<group>"; };
		279259511C719F9200855E43 /* Assets.xcassets */ = {isa = PBXFileReference; lastKnownFileType = folder.assetcatalog; path = Assets.xcassets; sourceTree = "<group>"; };
		279259541C719F9200855E43 /* Base */ = {isa = PBXFileReference; lastKnownFileType = file.storyboard; name = Base; path = Base.lproj/LaunchScreen.storyboard; sourceTree = "<group>"; };
		279259561C719F9200855E43 /* Info.plist */ = {isa = PBXFileReference; lastKnownFileType = text.plist.xml; path = Info.plist; sourceTree = "<group>"; };
		27A3DE4D1C7AE16B005CCDA7 /* ThirdViewController.swift */ = {isa = PBXFileReference; fileEncoding = 4; lastKnownFileType = sourcecode.swift; path = ThirdViewController.swift; sourceTree = "<group>"; };
		27E5D3F81C75F36E0034AB9D /* tori.jpg */ = {isa = PBXFileReference; lastKnownFileType = image.jpeg; path = tori.jpg; sourceTree = "<group>"; };
		27F6A9031C806FF2004EED2C /* customButtonr.swift */ = {isa = PBXFileReference; fileEncoding = 4; lastKnownFileType = sourcecode.swift; path = customButtonr.swift; sourceTree = "<group>"; };
		27F6A9051C80AC27004EED2C /* yakei.jpg */ = {isa = PBXFileReference; lastKnownFileType = image.jpeg; path = yakei.jpg; sourceTree = "<group>"; };
/* End PBXFileReference section */

/* Begin PBXFrameworksBuildPhase section */
		279259441C719F9200855E43 /* Frameworks */ = {
			isa = PBXFrameworksBuildPhase;
			buildActionMask = 2147483647;
			files = (
			);
			runOnlyForDeploymentPostprocessing = 0;
		};
/* End PBXFrameworksBuildPhase section */

/* Begin PBXGroup section */
		2792593E1C719F9200855E43 = {
			isa = PBXGroup;
			children = (
				279259491C719F9200855E43 /* A! */,
				279259481C719F9200855E43 /* Products */,
			);
			sourceTree = "<group>";
		};
		279259481C719F9200855E43 /* Products */ = {
			isa = PBXGroup;
			children = (
				279259471C719F9200855E43 /* A!.app */,
			);
			name = Products;
			sourceTree = "<group>";
		};
		279259491C719F9200855E43 /* A! */ = {
			isa = PBXGroup;
			children = (
				274AB4461C7FFF1900802C30 /* recorder.mp3 */,
				2792594A1C719F9200855E43 /* AppDelegate.swift */,
				27185C4A1C73017F00E60B64 /* 002ViewController.swift */,
				27A3DE4D1C7AE16B005CCDA7 /* ThirdViewController.swift */,
				2792594E1C719F9200855E43 /* Main.storyboard */,
				27F6A9051C80AC27004EED2C /* yakei.jpg */,
				279259511C719F9200855E43 /* Assets.xcassets */,
				279259531C719F9200855E43 /* LaunchScreen.storyboard */,
				27E5D3F81C75F36E0034AB9D /* tori.jpg */,
				279259561C719F9200855E43 /* Info.plist */,
				27F6A9031C806FF2004EED2C /* customButtonr.swift */,
			);
			path = "A!";
			sourceTree = "<group>";
		};
/* End PBXGroup section */

/* Begin PBXNativeTarget section */
		279259461C719F9200855E43 /* A! */ = {
			isa = PBXNativeTarget;
			buildConfigurationList = 279259591C719F9200855E43 /* Build configuration list for PBXNativeTarget "A!" */;
			buildPhases = (
				279259431C719F9200855E43 /* Sources */,
				279259441C719F9200855E43 /* Frameworks */,
				279259451C719F9200855E43 /* Resources */,
			);
			buildRules = (
			);
			dependencies = (
			);
			name = "A!";
			productName = "A!";
			productReference = 279259471C719F9200855E43 /* A!.app */;
			productType = "com.apple.product-type.application";
		};
/* End PBXNativeTarget section */

/* Begin PBXProject section */
		2792593F1C719F9200855E43 /* Project object */ = {
			isa = PBXProject;
			attributes = {
				LastSwiftUpdateCheck = 0720;
				LastUpgradeCheck = 0720;
				ORGANIZATIONNAME = KadeHina;
				TargetAttributes = {
					279259461C719F9200855E43 = {
						CreatedOnToolsVersion = 7.2.1;
						DevelopmentTeam = P4J833327G;
					};
				};
			};
			buildConfigurationList = 279259421C719F9200855E43 /* Build configuration list for PBXProject "A!" */;
			compatibilityVersion = "Xcode 3.2";
			developmentRegion = English;
			hasScannedForEncodings = 0;
			knownRegions = (
				en,
				Base,
			);
			mainGroup = 2792593E1C719F9200855E43;
			productRefGroup = 279259481C719F9200855E43 /* Products */;
			projectDirPath = "";
			projectRoot = "";
			targets = (
				279259461C719F9200855E43 /* A! */,
			);
		};
/* End PBXProject section */

/* Begin PBXResourcesBuildPhase section */
		279259451C719F9200855E43 /* Resources */ = {
			isa = PBXResourcesBuildPhase;
			buildActionMask = 2147483647;
			files = (
				279259551C719F9200855E43 /* LaunchScreen.storyboard in Resources */,
				27E5D3F91C75F36E0034AB9D /* tori.jpg in Resources */,
				274AB4471C7FFF1900802C30 /* recorder.mp3 in Resources */,
				27F6A9061C80AC27004EED2C /* yakei.jpg in Resources */,
				279259521C719F9200855E43 /* Assets.xcassets in Resources */,
				279259501C719F9200855E43 /* Main.storyboard in Resources */,
			);
			runOnlyForDeploymentPostprocessing = 0;
		};
/* End PBXResourcesBuildPhase section */

/* Begin PBXSourcesBuildPhase section */
		279259431C719F9200855E43 /* Sources */ = {
			isa = PBXSourcesBuildPhase;
			buildActionMask = 2147483647;
			files = (
				27185C4B1C73017F00E60B64 /* 002ViewController.swift in Sources */,
				27A3DE4E1C7AE16B005CCDA7 /* ThirdViewController.swift in Sources */,
				27F6A9041C806FF2004EED2C /* customButtonr.swift in Sources */,
				2792594B1C719F9200855E43 /* AppDelegate.swift in Sources */,
			);
			runOnlyForDeploymentPostprocessing = 0;
		};
/* End PBXSourcesBuildPhase section */

/* Begin PBXVariantGroup section */
		2792594E1C719F9200855E43 /* Main.storyboard */ = {
			isa = PBXVariantGroup;
			children = (
				2792594F1C719F9200855E43 /* Base */,
			);
			name = Main.storyboard;
			sourceTree = "<group>";
		};
		279259531C719F9200855E43 /* LaunchScreen.storyboard */ = {
			isa = PBXVariantGroup;
			children = (
				279259541C719F9200855E43 /* Base */,
			);
			name = LaunchScreen.storyboard;
			sourceTree = "<group>";
		};
/* End PBXVariantGroup section */

/* Begin XCBuildConfiguration section */
		279259571C719F9200855E43 /* Debug */ = {
			isa = XCBuildConfiguration;
			buildSettings = {
				ALWAYS_SEARCH_USER_PATHS = NO;
				CLANG_CXX_LANGUAGE_STANDARD = "gnu++0x";
				CLANG_CXX_LIBRARY = "libc++";
				CLANG_ENABLE_MODULES = YES;
				CLANG_ENABLE_OBJC_ARC = YES;
				CLANG_WARN_BOOL_CONVERSION = YES;
				CLANG_WARN_CONSTANT_CONVERSION = YES;
				CLANG_WARN_DIRECT_OBJC_ISA_USAGE = YES_ERROR;
				CLANG_WARN_EMPTY_BODY = YES;
				CLANG_WARN_ENUM_CONVERSION = YES;
				CLANG_WARN_INT_CONVERSION = YES;
				CLANG_WARN_OBJC_ROOT_CLASS = YES_ERROR;
				CLANG_WARN_UNREACHABLE_CODE = YES;
				CLANG_WARN__DUPLICATE_METHOD_MATCH = YES;
				"CODE_SIGN_IDENTITY[sdk=iphoneos*]" = "iPhone Developer";
				COPY_PHASE_STRIP = NO;
				DEBUG_INFORMATION_FORMAT = dwarf;
				ENABLE_STRICT_OBJC_MSGSEND = YES;
				ENABLE_TESTABILITY = YES;
				GCC_C_LANGUAGE_STANDARD = gnu99;
				GCC_DYNAMIC_NO_PIC = NO;
				GCC_NO_COMMON_BLOCKS = YES;
				GCC_OPTIMIZATION_LEVEL = 0;
				GCC_PREPROCESSOR_DEFINITIONS = (
					"DEBUG=1",
					"$(inherited)",
				);
				GCC_WARN_64_TO_32_BIT_CONVERSION = YES;
				GCC_WARN_ABOUT_RETURN_TYPE = YES_ERROR;
				GCC_WARN_UNDECLARED_SELECTOR = YES;
				GCC_WARN_UNINITIALIZED_AUTOS = YES_AGGRESSIVE;
				GCC_WARN_UNUSED_FUNCTION = YES;
				GCC_WARN_UNUSED_VARIABLE = YES;
				IPHONEOS_DEPLOYMENT_TARGET = 9.2;
				MTL_ENABLE_DEBUG_INFO = YES;
				ONLY_ACTIVE_ARCH = YES;
				SDKROOT = iphoneos;
				SWIFT_OPTIMIZATION_LEVEL = "-Onone";
			};
			name = Debug;
		};
		279259581C719F9200855E43 /* Release */ = {
			isa = XCBuildConfiguration;
			buildSettings = {
				ALWAYS_SEARCH_USER_PATHS = NO;
				CLANG_CXX_LANGUAGE_STANDARD = "gnu++0x";
				CLANG_CXX_LIBRARY = "libc++";
				CLANG_ENABLE_MODULES = YES;
				CLANG_ENABLE_OBJC_ARC = YES;
				CLANG_WARN_BOOL_CONVERSION = YES;
				CLANG_WARN_CONSTANT_CONVERSION = YES;
				CLANG_WARN_DIRECT_OBJC_ISA_USAGE = YES_ERROR;
				CLANG_WARN_EMPTY_BODY = YES;
				CLANG_WARN_ENUM_CONVERSION = YES;
				CLANG_WARN_INT_CONVERSION = YES;
				CLANG_WARN_OBJC_ROOT_CLASS = YES_ERROR;
				CLANG_WARN_UNREACHABLE_CODE = YES;
				CLANG_WARN__DUPLICATE_METHOD_MATCH = YES;
				"CODE_SIGN_IDENTITY[sdk=iphoneos*]" = "iPhone Developer";
				COPY_PHASE_STRIP = NO;
				DEBUG_INFORMATION_FORMAT = "dwarf-with-dsym";
				ENABLE_NS_ASSERTIONS = NO;
				ENABLE_STRICT_OBJC_MSGSEND = YES;
				GCC_C_LANGUAGE_STANDARD = gnu99;
				GCC_NO_COMMON_BLOCKS = YES;
				GCC_WARN_64_TO_32_BIT_CONVERSION = YES;
				GCC_WARN_ABOUT_RETURN_TYPE = YES_ERROR;
				GCC_WARN_UNDECLARED_SELECTOR = YES;
				GCC_WARN_UNINITIALIZED_AUTOS = YES_AGGRESSIVE;
				GCC_WARN_UNUSED_FUNCTION = YES;
				GCC_WARN_UNUSED_VARIABLE = YES;
				IPHONEOS_DEPLOYMENT_TARGET = 9.2;
				MTL_ENABLE_DEBUG_INFO = NO;
				SDKROOT = iphoneos;
				VALIDATE_PRODUCT = YES;
			};
			name = Release;
		};
		2792595A1C719F9200855E43 /* Debug */ = {
			isa = XCBuildConfiguration;
			buildSettings = {
				ASSETCATALOG_COMPILER_APPICON_NAME = AppIcon;
				INFOPLIST_FILE = "A!/Info.plist";
				LD_RUNPATH_SEARCH_PATHS = "$(inherited) @executable_path/Frameworks";
				PRODUCT_BUNDLE_IDENTIFIER = "com.kade.A-";
				PRODUCT_NAME = "$(TARGET_NAME)";
			};
			name = Debug;
		};
		2792595B1C719F9200855E43 /* Release */ = {
			isa = XCBuildConfiguration;
			buildSettings = {
				ASSETCATALOG_COMPILER_APPICON_NAME = AppIcon;
				INFOPLIST_FILE = "A!/Info.plist";
				LD_RUNPATH_SEARCH_PATHS = "$(inherited) @executable_path/Frameworks";
				PRODUCT_BUNDLE_IDENTIFIER = "com.kade.A-";
				PRODUCT_NAME = "$(TARGET_NAME)";
			};
			name = Release;
		};
/* End XCBuildConfiguration section */

/* Begin XCConfigurationList section */
		279259421C719F9200855E43 /* Build configuration list for PBXProject "A!" */ = {
			isa = XCConfigurationList;
			buildConfigurations = (
				279259571C719F9200855E43 /* Debug */,
				279259581C719F9200855E43 /* Release */,
			);
			defaultConfigurationIsVisible = 0;
			defaultConfigurationName = Release;
		};
		279259591C719F9200855E43 /* Build configuration list for PBXNativeTarget "A!" */ = {
			isa = XCConfigurationList;
			buildConfigurations = (
				2792595A1C719F9200855E43 /* Debug */,
				2792595B1C719F9200855E43 /* Release */,
			);
			defaultConfigurationIsVisible = 0;
			defaultConfigurationName = Release;
		};
/* End XCConfigurationList section */
	};
	rootObject = 2792593F1C719F9200855E43 /* Project object */;
}
