// !$*UTF8*$!
{
	archiveVersion = 1;
	classes = {
	};
	objectVersion = 46;
	objects = {

/* Begin PBXBuildFile section */
		27185C4B1C73017F00E60B64 /* 002ViewController.swift in Sources */ = {isa = PBXBuildFile; fileRef = 27185C4A1C73017F00E60B64 /* 002ViewController.swift */; };
		274AB4471C7FFF1900802C30 /* recorder.mp3 in Resources */ = {isa = PBXBuildFile; fileRef = 274AB4461C7FFF1900802C30 /* recorder.mp3 */; };
		276ADD031C82A8060064E2C0 /* Myapp.jpg in Resources */ = {isa = PBXBuildFile; fileRef = 276ADD021C82A8060064E2C0 /* Myapp.jpg */; };
		276BDB131C8810F000ADEA9A /* Contents.json in Resources */ = {isa = PBXBuildFile; fileRef = 276BDAFD1C8810F000ADEA9A /* Contents.json */; };
		276BDB141C8810F000ADEA9A /* Icon-40.png in Resources */ = {isa = PBXBuildFile; fileRef = 276BDAFE1C8810F000ADEA9A /* Icon-40.png */; };
		276BDB151C8810F000ADEA9A /* Icon-40@2x.png in Resources */ = {isa = PBXBuildFile; fileRef = 276BDAFF1C8810F000ADEA9A /* Icon-40@2x.png */; };
		276BDB161C8810F000ADEA9A /* Icon-40@3x.png in Resources */ = {isa = PBXBuildFile; fileRef = 276BDB001C8810F000ADEA9A /* Icon-40@3x.png */; };
		276BDB171C8810F000ADEA9A /* Icon-60@2x.png in Resources */ = {isa = PBXBuildFile; fileRef = 276BDB011C8810F000ADEA9A /* Icon-60@2x.png */; };
		276BDB181C8810F000ADEA9A /* Icon-60@3x.png in Resources */ = {isa = PBXBuildFile; fileRef = 276BDB021C8810F000ADEA9A /* Icon-60@3x.png */; };
		276BDB191C8810F000ADEA9A /* Icon-76.png in Resources */ = {isa = PBXBuildFile; fileRef = 276BDB031C8810F000ADEA9A /* Icon-76.png */; };
		276BDB1A1C8810F000ADEA9A /* Icon-76@2x.png in Resources */ = {isa = PBXBuildFile; fileRef = 276BDB041C8810F000ADEA9A /* Icon-76@2x.png */; };
		276BDB1B1C8810F000ADEA9A /* Icon-83.5@2x.png in Resources */ = {isa = PBXBuildFile; fileRef = 276BDB051C8810F000ADEA9A /* Icon-83.5@2x.png */; };
		276BDB1C1C8810F000ADEA9A /* Icon-Small.png in Resources */ = {isa = PBXBuildFile; fileRef = 276BDB061C8810F000ADEA9A /* Icon-Small.png */; };
		276BDB1D1C8810F000ADEA9A /* Icon-Small@2x.png in Resources */ = {isa = PBXBuildFile; fileRef = 276BDB071C8810F000ADEA9A /* Icon-Small@2x.png */; };
		276BDB1E1C8810F000ADEA9A /* Icon-Small@3x.png in Resources */ = {isa = PBXBuildFile; fileRef = 276BDB081C8810F000ADEA9A /* Icon-Small@3x.png */; };
		276BDB1F1C8810F000ADEA9A /* Icon-60.png in Resources */ = {isa = PBXBuildFile; fileRef = 276BDB091C8810F000ADEA9A /* Icon-60.png */; };
		276BDB201C8810F000ADEA9A /* Icon-72.png in Resources */ = {isa = PBXBuildFile; fileRef = 276BDB0A1C8810F000ADEA9A /* Icon-72.png */; };
		276BDB211C8810F000ADEA9A /* Icon-72@2x.png in Resources */ = {isa = PBXBuildFile; fileRef = 276BDB0B1C8810F000ADEA9A /* Icon-72@2x.png */; };
		276BDB221C8810F000ADEA9A /* Icon-Small-50.png in Resources */ = {isa = PBXBuildFile; fileRef = 276BDB0C1C8810F000ADEA9A /* Icon-Small-50.png */; };
		276BDB231C8810F000ADEA9A /* Icon-Small-50@2x.png in Resources */ = {isa = PBXBuildFile; fileRef = 276BDB0D1C8810F000ADEA9A /* Icon-Small-50@2x.png */; };
		276BDB241C8810F000ADEA9A /* Icon.png in Resources */ = {isa = PBXBuildFile; fileRef = 276BDB0E1C8810F000ADEA9A /* Icon.png */; };
		276BDB251C8810F000ADEA9A /* Icon@2x.png in Resources */ = {isa = PBXBuildFile; fileRef = 276BDB0F1C8810F000ADEA9A /* Icon@2x.png */; };
		276BDB261C8810F000ADEA9A /* iTunesArtwork.png in Resources */ = {isa = PBXBuildFile; fileRef = 276BDB101C8810F000ADEA9A /* iTunesArtwork.png */; };
		276BDB271C8810F000ADEA9A /* iTunesArtwork@2x.png in Resources */ = {isa = PBXBuildFile; fileRef = 276BDB111C8810F000ADEA9A /* iTunesArtwork@2x.png */; };
		276BDB281C8810F000ADEA9A /* README.md in Sources */ = {isa = PBXBuildFile; fileRef = 276BDB121C8810F000ADEA9A /* README.md */; };
		276BDB2A1C88247800ADEA9A /* AVFoundation.framework in Frameworks */ = {isa = PBXBuildFile; fileRef = 276BDB291C88247800ADEA9A /* AVFoundation.framework */; };
		278A3AAE1C9146B1005A16B1 /* btnstart.mp3 in Resources */ = {isa = PBXBuildFile; fileRef = 278A3AAD1C9146B1005A16B1 /* btnstart.mp3 */; };
		2792594B1C719F9200855E43 /* AppDelegate.swift in Sources */ = {isa = PBXBuildFile; fileRef = 2792594A1C719F9200855E43 /* AppDelegate.swift */; };
		279259501C719F9200855E43 /* Main.storyboard in Resources */ = {isa = PBXBuildFile; fileRef = 2792594E1C719F9200855E43 /* Main.storyboard */; };
		279259521C719F9200855E43 /* Assets.xcassets in Resources */ = {isa = PBXBuildFile; fileRef = 279259511C719F9200855E43 /* Assets.xcassets */; };
		279259551C719F9200855E43 /* LaunchScreen.storyboard in Resources */ = {isa = PBXBuildFile; fileRef = 279259531C719F9200855E43 /* LaunchScreen.storyboard */; };
		279573FA1C91539D0031639E /* backbtn.jpg in Resources */ = {isa = PBXBuildFile; fileRef = 279573F91C91539D0031639E /* backbtn.jpg */; };
		27A3DE4E1C7AE16B005CCDA7 /* ThirdViewController.swift in Sources */ = {isa = PBXBuildFile; fileRef = 27A3DE4D1C7AE16B005CCDA7 /* ThirdViewController.swift */; };
		27ABBC841C939F9900566203 /* omakeViewController.swift in Sources */ = {isa = PBXBuildFile; fileRef = 27ABBC831C939F9900566203 /* omakeViewController.swift */; };
		27ABBC861C94051500566203 /* textcomitViewController.swift in Sources */ = {isa = PBXBuildFile; fileRef = 27ABBC851C94051500566203 /* textcomitViewController.swift */; };
		27C5ED1A1C85664D00CF1FC3 /* AsyncButton.swift in Sources */ = {isa = PBXBuildFile; fileRef = 27C5ECFC1C85664D00CF1FC3 /* AsyncButton.swift */; };
		27C5ED1B1C85664D00CF1FC3 /* AsyncImageView.swift in Sources */ = {isa = PBXBuildFile; fileRef = 27C5ECFD1C85664D00CF1FC3 /* AsyncImageView.swift */; };
		27C5ED1C1C85664D00CF1FC3 /* AutoTextView.swift in Sources */ = {isa = PBXBuildFile; fileRef = 27C5ECFE1C85664D00CF1FC3 /* AutoTextView.swift */; };
		27C5ED1D1C85664D00CF1FC3 /* BlurView.swift in Sources */ = {isa = PBXBuildFile; fileRef = 27C5ECFF1C85664D00CF1FC3 /* BlurView.swift */; };
		27C5ED1E1C85664D00CF1FC3 /* DesignableButton.swift in Sources */ = {isa = PBXBuildFile; fileRef = 27C5ED001C85664D00CF1FC3 /* DesignableButton.swift */; };
		27C5ED1F1C85664D00CF1FC3 /* DesignableImageView.swift in Sources */ = {isa = PBXBuildFile; fileRef = 27C5ED011C85664D00CF1FC3 /* DesignableImageView.swift */; };
		27C5ED201C85664D00CF1FC3 /* DesignableLabel.swift in Sources */ = {isa = PBXBuildFile; fileRef = 27C5ED021C85664D00CF1FC3 /* DesignableLabel.swift */; };
		27C5ED211C85664D00CF1FC3 /* DesignableTabBarController.swift in Sources */ = {isa = PBXBuildFile; fileRef = 27C5ED031C85664D00CF1FC3 /* DesignableTabBarController.swift */; };
		27C5ED221C85664D00CF1FC3 /* DesignableTextField.swift in Sources */ = {isa = PBXBuildFile; fileRef = 27C5ED041C85664D00CF1FC3 /* DesignableTextField.swift */; };
		27C5ED231C85664D00CF1FC3 /* DesignableTextView.swift in Sources */ = {isa = PBXBuildFile; fileRef = 27C5ED051C85664D00CF1FC3 /* DesignableTextView.swift */; };
		27C5ED241C85664D00CF1FC3 /* DesignableView.swift in Sources */ = {isa = PBXBuildFile; fileRef = 27C5ED061C85664D00CF1FC3 /* DesignableView.swift */; };
		27C5ED251C85664D00CF1FC3 /* ImageLoader.swift in Sources */ = {isa = PBXBuildFile; fileRef = 27C5ED071C85664D00CF1FC3 /* ImageLoader.swift */; };
		27C5ED261C85664D00CF1FC3 /* Info.plist in Resources */ = {isa = PBXBuildFile; fileRef = 27C5ED081C85664D00CF1FC3 /* Info.plist */; };
		27C5ED271C85664D00CF1FC3 /* KeyboardLayoutConstraint.swift in Sources */ = {isa = PBXBuildFile; fileRef = 27C5ED091C85664D00CF1FC3 /* KeyboardLayoutConstraint.swift */; };
		27C5ED281C85664D00CF1FC3 /* LoadingView.swift in Sources */ = {isa = PBXBuildFile; fileRef = 27C5ED0A1C85664D00CF1FC3 /* LoadingView.swift */; };
		27C5ED291C85664D00CF1FC3 /* LoadingView.xib in Resources */ = {isa = PBXBuildFile; fileRef = 27C5ED0B1C85664D00CF1FC3 /* LoadingView.xib */; };
		27C5ED2A1C85664D00CF1FC3 /* Misc.swift in Sources */ = {isa = PBXBuildFile; fileRef = 27C5ED0C1C85664D00CF1FC3 /* Misc.swift */; };
		27C5ED2B1C85664D00CF1FC3 /* SoundPlayer.swift in Sources */ = {isa = PBXBuildFile; fileRef = 27C5ED0D1C85664D00CF1FC3 /* SoundPlayer.swift */; };
		27C5ED2C1C85664D00CF1FC3 /* Spring.swift in Sources */ = {isa = PBXBuildFile; fileRef = 27C5ED0F1C85664D00CF1FC3 /* Spring.swift */; };
		27C5ED2D1C85664D00CF1FC3 /* SpringAnimation.swift in Sources */ = {isa = PBXBuildFile; fileRef = 27C5ED101C85664D00CF1FC3 /* SpringAnimation.swift */; };
		27C5ED2E1C85664D00CF1FC3 /* SpringButton.swift in Sources */ = {isa = PBXBuildFile; fileRef = 27C5ED111C85664D00CF1FC3 /* SpringButton.swift */; };
		27C5ED2F1C85664D00CF1FC3 /* SpringImageView.swift in Sources */ = {isa = PBXBuildFile; fileRef = 27C5ED121C85664D00CF1FC3 /* SpringImageView.swift */; };
		27C5ED301C85664D00CF1FC3 /* SpringLabel.swift in Sources */ = {isa = PBXBuildFile; fileRef = 27C5ED131C85664D00CF1FC3 /* SpringLabel.swift */; };
		27C5ED311C85664D00CF1FC3 /* SpringTextField.swift in Sources */ = {isa = PBXBuildFile; fileRef = 27C5ED141C85664D00CF1FC3 /* SpringTextField.swift */; };
		27C5ED321C85664D00CF1FC3 /* SpringTextView.swift in Sources */ = {isa = PBXBuildFile; fileRef = 27C5ED151C85664D00CF1FC3 /* SpringTextView.swift */; };
		27C5ED331C85664D00CF1FC3 /* SpringView.swift in Sources */ = {isa = PBXBuildFile; fileRef = 27C5ED161C85664D00CF1FC3 /* SpringView.swift */; };
		27C5ED341C85664D00CF1FC3 /* TransitionManager.swift in Sources */ = {isa = PBXBuildFile; fileRef = 27C5ED171C85664D00CF1FC3 /* TransitionManager.swift */; };
		27C5ED351C85664D00CF1FC3 /* TransitionZoom.swift in Sources */ = {isa = PBXBuildFile; fileRef = 27C5ED181C85664D00CF1FC3 /* TransitionZoom.swift */; };
		27C5ED361C85664D00CF1FC3 /* UnwindSegue.swift in Sources */ = {isa = PBXBuildFile; fileRef = 27C5ED191C85664D00CF1FC3 /* UnwindSegue.swift */; };
		27C5ED381C8569ED00CF1FC3 /* finalview.jpg in Resources */ = {isa = PBXBuildFile; fileRef = 27C5ED371C8569ED00CF1FC3 /* finalview.jpg */; };
		27C5ED3A1C856D8400CF1FC3 /* l201004261600.jpg in Resources */ = {isa = PBXBuildFile; fileRef = 27C5ED391C856D8400CF1FC3 /* l201004261600.jpg */; };
		27C5ED3C1C856E2900CF1FC3 /* 火山.jpg in Resources */ = {isa = PBXBuildFile; fileRef = 27C5ED3B1C856E2900CF1FC3 /* 火山.jpg */; };
		27C5ED421C858CC000CF1FC3 /* frower.sks in Resources */ = {isa = PBXBuildFile; fileRef = 27C5ED411C858CC000CF1FC3 /* frower.sks */; };
		27E57C831C81EF7E0041AB3E /* 山.mov in Resources */ = {isa = PBXBuildFile; fileRef = 27E57C821C81EF7E0041AB3E /* 山.mov */; };
		27E57C851C81F4170041AB3E /* yama.jpg in Resources */ = {isa = PBXBuildFile; fileRef = 27E57C841C81F4170041AB3E /* yama.jpg */; };
		27E5D3F91C75F36E0034AB9D /* tori.jpg in Resources */ = {isa = PBXBuildFile; fileRef = 27E5D3F81C75F36E0034AB9D /* tori.jpg */; };
		27F290F41C85631500E03836 /* FirstViewController.swift in Sources */ = {isa = PBXBuildFile; fileRef = 27F290F31C85631500E03836 /* FirstViewController.swift */; };
		27F290F61C85642F00E03836 /* first_backview.jpg in Resources */ = {isa = PBXBuildFile; fileRef = 27F290F51C85642F00E03836 /* first_backview.jpg */; };
		27F6A9041C806FF2004EED2C /* customButtonr.swift in Sources */ = {isa = PBXBuildFile; fileRef = 27F6A9031C806FF2004EED2C /* customButtonr.swift */; };
		27F6A9061C80AC27004EED2C /* yakei.jpg in Resources */ = {isa = PBXBuildFile; fileRef = 27F6A9051C80AC27004EED2C /* yakei.jpg */; };
/* End PBXBuildFile section */

/* Begin PBXFileReference section */
		27185C4A1C73017F00E60B64 /* 002ViewController.swift */ = {isa = PBXFileReference; fileEncoding = 4; lastKnownFileType = sourcecode.swift; path = 002ViewController.swift; sourceTree = "<group>"; };
		274AB4461C7FFF1900802C30 /* recorder.mp3 */ = {isa = PBXFileReference; lastKnownFileType = audio.mp3; path = recorder.mp3; sourceTree = "<group>"; };
		276ADD021C82A8060064E2C0 /* Myapp.jpg */ = {isa = PBXFileReference; lastKnownFileType = image.jpeg; path = Myapp.jpg; sourceTree = "<group>"; };
		276BDAFD1C8810F000ADEA9A /* Contents.json */ = {isa = PBXFileReference; fileEncoding = 4; lastKnownFileType = text.json; path = Contents.json; sourceTree = "<group>"; };
		276BDAFE1C8810F000ADEA9A /* Icon-40.png */ = {isa = PBXFileReference; lastKnownFileType = image.png; path = "Icon-40.png"; sourceTree = "<group>"; };
		276BDAFF1C8810F000ADEA9A /* Icon-40@2x.png */ = {isa = PBXFileReference; lastKnownFileType = image.png; path = "Icon-40@2x.png"; sourceTree = "<group>"; };
		276BDB001C8810F000ADEA9A /* Icon-40@3x.png */ = {isa = PBXFileReference; lastKnownFileType = image.png; path = "Icon-40@3x.png"; sourceTree = "<group>"; };
		276BDB011C8810F000ADEA9A /* Icon-60@2x.png */ = {isa = PBXFileReference; lastKnownFileType = image.png; path = "Icon-60@2x.png"; sourceTree = "<group>"; };
		276BDB021C8810F000ADEA9A /* Icon-60@3x.png */ = {isa = PBXFileReference; lastKnownFileType = image.png; path = "Icon-60@3x.png"; sourceTree = "<group>"; };
		276BDB031C8810F000ADEA9A /* Icon-76.png */ = {isa = PBXFileReference; lastKnownFileType = image.png; path = "Icon-76.png"; sourceTree = "<group>"; };
		276BDB041C8810F000ADEA9A /* Icon-76@2x.png */ = {isa = PBXFileReference; lastKnownFileType = image.png; path = "Icon-76@2x.png"; sourceTree = "<group>"; };
		276BDB051C8810F000ADEA9A /* Icon-83.5@2x.png */ = {isa = PBXFileReference; lastKnownFileType = image.png; path = "Icon-83.5@2x.png"; sourceTree = "<group>"; };
		276BDB061C8810F000ADEA9A /* Icon-Small.png */ = {isa = PBXFileReference; lastKnownFileType = image.png; path = "Icon-Small.png"; sourceTree = "<group>"; };
		276BDB071C8810F000ADEA9A /* Icon-Small@2x.png */ = {isa = PBXFileReference; lastKnownFileType = image.png; path = "Icon-Small@2x.png"; sourceTree = "<group>"; };
		276BDB081C8810F000ADEA9A /* Icon-Small@3x.png */ = {isa = PBXFileReference; lastKnownFileType = image.png; path = "Icon-Small@3x.png"; sourceTree = "<group>"; };
		276BDB091C8810F000ADEA9A /* Icon-60.png */ = {isa = PBXFileReference; lastKnownFileType = image.png; path = "Icon-60.png"; sourceTree = "<group>"; };
		276BDB0A1C8810F000ADEA9A /* Icon-72.png */ = {isa = PBXFileReference; lastKnownFileType = image.png; path = "Icon-72.png"; sourceTree = "<group>"; };
		276BDB0B1C8810F000ADEA9A /* Icon-72@2x.png */ = {isa = PBXFileReference; lastKnownFileType = image.png; path = "Icon-72@2x.png"; sourceTree = "<group>"; };
		276BDB0C1C8810F000ADEA9A /* Icon-Small-50.png */ = {isa = PBXFileReference; lastKnownFileType = image.png; path = "Icon-Small-50.png"; sourceTree = "<group>"; };
		276BDB0D1C8810F000ADEA9A /* Icon-Small-50@2x.png */ = {isa = PBXFileReference; lastKnownFileType = image.png; path = "Icon-Small-50@2x.png"; sourceTree = "<group>"; };
		276BDB0E1C8810F000ADEA9A /* Icon.png */ = {isa = PBXFileReference; lastKnownFileType = image.png; path = Icon.png; sourceTree = "<group>"; };
		276BDB0F1C8810F000ADEA9A /* Icon@2x.png */ = {isa = PBXFileReference; lastKnownFileType = image.png; path = "Icon@2x.png"; sourceTree = "<group>"; };
		276BDB101C8810F000ADEA9A /* iTunesArtwork.png */ = {isa = PBXFileReference; lastKnownFileType = image.png; path = iTunesArtwork.png; sourceTree = "<group>"; };
		276BDB111C8810F000ADEA9A /* iTunesArtwork@2x.png */ = {isa = PBXFileReference; lastKnownFileType = image.png; path = "iTunesArtwork@2x.png"; sourceTree = "<group>"; };
		276BDB121C8810F000ADEA9A /* README.md */ = {isa = PBXFileReference; fileEncoding = 4; lastKnownFileType = net.daringfireball.markdown; path = README.md; sourceTree = "<group>"; };
		276BDB291C88247800ADEA9A /* AVFoundation.framework */ = {isa = PBXFileReference; lastKnownFileType = wrapper.framework; name = AVFoundation.framework; path = System/Library/Frameworks/AVFoundation.framework; sourceTree = SDKROOT; };
		278A3AAD1C9146B1005A16B1 /* btnstart.mp3 */ = {isa = PBXFileReference; lastKnownFileType = audio.mp3; path = btnstart.mp3; sourceTree = "<group>"; };
		279259471C719F9200855E43 /* A!.app */ = {isa = PBXFileReference; explicitFileType = wrapper.application; includeInIndex = 0; path = "A!.app"; sourceTree = BUILT_PRODUCTS_DIR; };
		2792594A1C719F9200855E43 /* AppDelegate.swift */ = {isa = PBXFileReference; lastKnownFileType = sourcecode.swift; path = AppDelegate.swift; sourceTree = "<group>"; };
		2792594F1C719F9200855E43 /* Base */ = {isa = PBXFileReference; lastKnownFileType = file.storyboard; name = Base; path = Base.lproj/Main.storyboard; sourceTree = "<group>"; };
		279259511C719F9200855E43 /* Assets.xcassets */ = {isa = PBXFileReference; lastKnownFileType = folder.assetcatalog; path = Assets.xcassets; sourceTree = "<group>"; };
		279259541C719F9200855E43 /* Base */ = {isa = PBXFileReference; lastKnownFileType = file.storyboard; name = Base; path = Base.lproj/LaunchScreen.storyboard; sourceTree = "<group>"; };
		279259561C719F9200855E43 /* Info.plist */ = {isa = PBXFileReference; lastKnownFileType = text.plist.xml; path = Info.plist; sourceTree = "<group>"; };
		279573F91C91539D0031639E /* backbtn.jpg */ = {isa = PBXFileReference; lastKnownFileType = image.jpeg; path = backbtn.jpg; sourceTree = "<group>"; };
		27A3DE4D1C7AE16B005CCDA7 /* ThirdViewController.swift */ = {isa = PBXFileReference; fileEncoding = 4; lastKnownFileType = sourcecode.swift; path = ThirdViewController.swift; sourceTree = "<group>"; };
		27ABBC831C939F9900566203 /* omakeViewController.swift */ = {isa = PBXFileReference; fileEncoding = 4; lastKnownFileType = sourcecode.swift; path = omakeViewController.swift; sourceTree = "<group>"; };
		27ABBC851C94051500566203 /* textcomitViewController.swift */ = {isa = PBXFileReference; fileEncoding = 4; lastKnownFileType = sourcecode.swift; path = textcomitViewController.swift; sourceTree = "<group>"; };
		27C5ECFC1C85664D00CF1FC3 /* AsyncButton.swift */ = {isa = PBXFileReference; fileEncoding = 4; lastKnownFileType = sourcecode.swift; path = AsyncButton.swift; sourceTree = "<group>"; };
		27C5ECFD1C85664D00CF1FC3 /* AsyncImageView.swift */ = {isa = PBXFileReference; fileEncoding = 4; lastKnownFileType = sourcecode.swift; path = AsyncImageView.swift; sourceTree = "<group>"; };
		27C5ECFE1C85664D00CF1FC3 /* AutoTextView.swift */ = {isa = PBXFileReference; fileEncoding = 4; lastKnownFileType = sourcecode.swift; path = AutoTextView.swift; sourceTree = "<group>"; };
		27C5ECFF1C85664D00CF1FC3 /* BlurView.swift */ = {isa = PBXFileReference; fileEncoding = 4; lastKnownFileType = sourcecode.swift; path = BlurView.swift; sourceTree = "<group>"; };
		27C5ED001C85664D00CF1FC3 /* DesignableButton.swift */ = {isa = PBXFileReference; fileEncoding = 4; lastKnownFileType = sourcecode.swift; path = DesignableButton.swift; sourceTree = "<group>"; };
		27C5ED011C85664D00CF1FC3 /* DesignableImageView.swift */ = {isa = PBXFileReference; fileEncoding = 4; lastKnownFileType = sourcecode.swift; path = DesignableImageView.swift; sourceTree = "<group>"; };
		27C5ED021C85664D00CF1FC3 /* DesignableLabel.swift */ = {isa = PBXFileReference; fileEncoding = 4; lastKnownFileType = sourcecode.swift; path = DesignableLabel.swift; sourceTree = "<group>"; };
		27C5ED031C85664D00CF1FC3 /* DesignableTabBarController.swift */ = {isa = PBXFileReference; fileEncoding = 4; lastKnownFileType = sourcecode.swift; path = DesignableTabBarController.swift; sourceTree = "<group>"; };
		27C5ED041C85664D00CF1FC3 /* DesignableTextField.swift */ = {isa = PBXFileReference; fileEncoding = 4; lastKnownFileType = sourcecode.swift; path = DesignableTextField.swift; sourceTree = "<group>"; };
		27C5ED051C85664D00CF1FC3 /* DesignableTextView.swift */ = {isa = PBXFileReference; fileEncoding = 4; lastKnownFileType = sourcecode.swift; path = DesignableTextView.swift; sourceTree = "<group>"; };
		27C5ED061C85664D00CF1FC3 /* DesignableView.swift */ = {isa = PBXFileReference; fileEncoding = 4; lastKnownFileType = sourcecode.swift; path = DesignableView.swift; sourceTree = "<group>"; };
		27C5ED071C85664D00CF1FC3 /* ImageLoader.swift */ = {isa = PBXFileReference; fileEncoding = 4; lastKnownFileType = sourcecode.swift; path = ImageLoader.swift; sourceTree = "<group>"; };
		27C5ED081C85664D00CF1FC3 /* Info.plist */ = {isa = PBXFileReference; fileEncoding = 4; lastKnownFileType = text.plist.xml; path = Info.plist; sourceTree = "<group>"; };
		27C5ED091C85664D00CF1FC3 /* KeyboardLayoutConstraint.swift */ = {isa = PBXFileReference; fileEncoding = 4; lastKnownFileType = sourcecode.swift; path = KeyboardLayoutConstraint.swift; sourceTree = "<group>"; };
		27C5ED0A1C85664D00CF1FC3 /* LoadingView.swift */ = {isa = PBXFileReference; fileEncoding = 4; lastKnownFileType = sourcecode.swift; path = LoadingView.swift; sourceTree = "<group>"; };
		27C5ED0B1C85664D00CF1FC3 /* LoadingView.xib */ = {isa = PBXFileReference; fileEncoding = 4; lastKnownFileType = file.xib; path = LoadingView.xib; sourceTree = "<group>"; };
		27C5ED0C1C85664D00CF1FC3 /* Misc.swift */ = {isa = PBXFileReference; fileEncoding = 4; lastKnownFileType = sourcecode.swift; path = Misc.swift; sourceTree = "<group>"; };
		27C5ED0D1C85664D00CF1FC3 /* SoundPlayer.swift */ = {isa = PBXFileReference; fileEncoding = 4; lastKnownFileType = sourcecode.swift; path = SoundPlayer.swift; sourceTree = "<group>"; };
		27C5ED0E1C85664D00CF1FC3 /* Spring.h */ = {isa = PBXFileReference; fileEncoding = 4; lastKnownFileType = sourcecode.c.h; path = Spring.h; sourceTree = "<group>"; };
		27C5ED0F1C85664D00CF1FC3 /* Spring.swift */ = {isa = PBXFileReference; fileEncoding = 4; lastKnownFileType = sourcecode.swift; path = Spring.swift; sourceTree = "<group>"; };
		27C5ED101C85664D00CF1FC3 /* SpringAnimation.swift */ = {isa = PBXFileReference; fileEncoding = 4; lastKnownFileType = sourcecode.swift; path = SpringAnimation.swift; sourceTree = "<group>"; };
		27C5ED111C85664D00CF1FC3 /* SpringButton.swift */ = {isa = PBXFileReference; fileEncoding = 4; lastKnownFileType = sourcecode.swift; path = SpringButton.swift; sourceTree = "<group>"; };
		27C5ED121C85664D00CF1FC3 /* SpringImageView.swift */ = {isa = PBXFileReference; fileEncoding = 4; lastKnownFileType = sourcecode.swift; path = SpringImageView.swift; sourceTree = "<group>"; };
		27C5ED131C85664D00CF1FC3 /* SpringLabel.swift */ = {isa = PBXFileReference; fileEncoding = 4; lastKnownFileType = sourcecode.swift; path = SpringLabel.swift; sourceTree = "<group>"; };
		27C5ED141C85664D00CF1FC3 /* SpringTextField.swift */ = {isa = PBXFileReference; fileEncoding = 4; lastKnownFileType = sourcecode.swift; path = SpringTextField.swift; sourceTree = "<group>"; };
		27C5ED151C85664D00CF1FC3 /* SpringTextView.swift */ = {isa = PBXFileReference; fileEncoding = 4; lastKnownFileType = sourcecode.swift; path = SpringTextView.swift; sourceTree = "<group>"; };
		27C5ED161C85664D00CF1FC3 /* SpringView.swift */ = {isa = PBXFileReference; fileEncoding = 4; lastKnownFileType = sourcecode.swift; path = SpringView.swift; sourceTree = "<group>"; };
		27C5ED171C85664D00CF1FC3 /* TransitionManager.swift */ = {isa = PBXFileReference; fileEncoding = 4; lastKnownFileType = sourcecode.swift; path = TransitionManager.swift; sourceTree = "<group>"; };
		27C5ED181C85664D00CF1FC3 /* TransitionZoom.swift */ = {isa = PBXFileReference; fileEncoding = 4; lastKnownFileType = sourcecode.swift; path = TransitionZoom.swift; sourceTree = "<group>"; };
		27C5ED191C85664D00CF1FC3 /* UnwindSegue.swift */ = {isa = PBXFileReference; fileEncoding = 4; lastKnownFileType = sourcecode.swift; path = UnwindSegue.swift; sourceTree = "<group>"; };
		27C5ED371C8569ED00CF1FC3 /* finalview.jpg */ = {isa = PBXFileReference; lastKnownFileType = image.jpeg; path = finalview.jpg; sourceTree = "<group>"; };
		27C5ED391C856D8400CF1FC3 /* l201004261600.jpg */ = {isa = PBXFileReference; lastKnownFileType = image.jpeg; path = l201004261600.jpg; sourceTree = "<group>"; };
		27C5ED3B1C856E2900CF1FC3 /* 火山.jpg */ = {isa = PBXFileReference; lastKnownFileType = image.jpeg; path = "火山.jpg"; sourceTree = "<group>"; };
		27C5ED411C858CC000CF1FC3 /* frower.sks */ = {isa = PBXFileReference; lastKnownFileType = file.sks; path = frower.sks; sourceTree = "<group>"; };
		27E57C821C81EF7E0041AB3E /* 山.mov */ = {isa = PBXFileReference; lastKnownFileType = video.quicktime; path = "山.mov"; sourceTree = "<group>"; };
		27E57C841C81F4170041AB3E /* yama.jpg */ = {isa = PBXFileReference; lastKnownFileType = image.jpeg; path = yama.jpg; sourceTree = "<group>"; };
		27E5D3F81C75F36E0034AB9D /* tori.jpg */ = {isa = PBXFileReference; lastKnownFileType = image.jpeg; path = tori.jpg; sourceTree = "<group>"; };
		27F290F31C85631500E03836 /* FirstViewController.swift */ = {isa = PBXFileReference; fileEncoding = 4; lastKnownFileType = sourcecode.swift; path = FirstViewController.swift; sourceTree = "<group>"; };
		27F290F51C85642F00E03836 /* first_backview.jpg */ = {isa = PBXFileReference; lastKnownFileType = image.jpeg; path = first_backview.jpg; sourceTree = "<group>"; };
		27F6A9031C806FF2004EED2C /* customButtonr.swift */ = {isa = PBXFileReference; fileEncoding = 4; lastKnownFileType = sourcecode.swift; path = customButtonr.swift; sourceTree = "<group>"; };
		27F6A9051C80AC27004EED2C /* yakei.jpg */ = {isa = PBXFileReference; lastKnownFileType = image.jpeg; path = yakei.jpg; sourceTree = "<group>"; };
/* End PBXFileReference section */

/* Begin PBXFrameworksBuildPhase section */
		279259441C719F9200855E43 /* Frameworks */ = {
			isa = PBXFrameworksBuildPhase;
			buildActionMask = 2147483647;
			files = (
				276BDB2A1C88247800ADEA9A /* AVFoundation.framework in Frameworks */,
			);
			runOnlyForDeploymentPostprocessing = 0;
		};
/* End PBXFrameworksBuildPhase section */

/* Begin PBXGroup section */
		276BDAFB1C8810F000ADEA9A /* myapp */ = {
			isa = PBXGroup;
			children = (
				276BDAFC1C8810F000ADEA9A /* AppIcon.appiconset */,
				276BDB091C8810F000ADEA9A /* Icon-60.png */,
				276BDB0A1C8810F000ADEA9A /* Icon-72.png */,
				276BDB0B1C8810F000ADEA9A /* Icon-72@2x.png */,
				276BDB0C1C8810F000ADEA9A /* Icon-Small-50.png */,
				276BDB0D1C8810F000ADEA9A /* Icon-Small-50@2x.png */,
				276BDB0E1C8810F000ADEA9A /* Icon.png */,
				276BDB0F1C8810F000ADEA9A /* Icon@2x.png */,
				276BDB101C8810F000ADEA9A /* iTunesArtwork.png */,
				276BDB111C8810F000ADEA9A /* iTunesArtwork@2x.png */,
				276BDB121C8810F000ADEA9A /* README.md */,
			);
			name = myapp;
			path = ios;
			sourceTree = "<group>";
		};
		276BDAFC1C8810F000ADEA9A /* AppIcon.appiconset */ = {
			isa = PBXGroup;
			children = (
				276BDAFD1C8810F000ADEA9A /* Contents.json */,
				276BDAFE1C8810F000ADEA9A /* Icon-40.png */,
				276BDAFF1C8810F000ADEA9A /* Icon-40@2x.png */,
				276BDB001C8810F000ADEA9A /* Icon-40@3x.png */,
				276BDB011C8810F000ADEA9A /* Icon-60@2x.png */,
				276BDB021C8810F000ADEA9A /* Icon-60@3x.png */,
				276BDB031C8810F000ADEA9A /* Icon-76.png */,
				276BDB041C8810F000ADEA9A /* Icon-76@2x.png */,
				276BDB051C8810F000ADEA9A /* Icon-83.5@2x.png */,
				276BDB061C8810F000ADEA9A /* Icon-Small.png */,
				276BDB071C8810F000ADEA9A /* Icon-Small@2x.png */,
				276BDB081C8810F000ADEA9A /* Icon-Small@3x.png */,
			);
			path = AppIcon.appiconset;
			sourceTree = "<group>";
		};
		2792593E1C719F9200855E43 = {
			isa = PBXGroup;
			children = (
				276BDB291C88247800ADEA9A /* AVFoundation.framework */,
				279259491C719F9200855E43 /* A! */,
				279259481C719F9200855E43 /* Products */,
			);
			sourceTree = "<group>";
		};
		279259481C719F9200855E43 /* Products */ = {
			isa = PBXGroup;
			children = (
				279259471C719F9200855E43 /* A!.app */,
			);
			name = Products;
			sourceTree = "<group>";
		};
		279259491C719F9200855E43 /* A! */ = {
			isa = PBXGroup;
			children = (
				276BDAFB1C8810F000ADEA9A /* myapp */,
				27C5ED371C8569ED00CF1FC3 /* finalview.jpg */,
				27C5ED391C856D8400CF1FC3 /* l201004261600.jpg */,
				27C5ED3B1C856E2900CF1FC3 /* 火山.jpg */,
				27C5ECFB1C85664D00CF1FC3 /* Spring */,
				27F290F51C85642F00E03836 /* first_backview.jpg */,
				27E57C821C81EF7E0041AB3E /* 山.mov */,
				279573F91C91539D0031639E /* backbtn.jpg */,
				278A3AAD1C9146B1005A16B1 /* btnstart.mp3 */,
				274AB4461C7FFF1900802C30 /* recorder.mp3 */,
				27E57C841C81F4170041AB3E /* yama.jpg */,
				276ADD021C82A8060064E2C0 /* Myapp.jpg */,
				2792594A1C719F9200855E43 /* AppDelegate.swift */,
				27185C4A1C73017F00E60B64 /* 002ViewController.swift */,
				27A3DE4D1C7AE16B005CCDA7 /* ThirdViewController.swift */,
				27F6A9031C806FF2004EED2C /* customButtonr.swift */,
				27F290F31C85631500E03836 /* FirstViewController.swift */,
				2792594E1C719F9200855E43 /* Main.storyboard */,
				27ABBC831C939F9900566203 /* omakeViewController.swift */,
				27ABBC851C94051500566203 /* textcomitViewController.swift */,
				27F6A9051C80AC27004EED2C /* yakei.jpg */,
				279259511C719F9200855E43 /* Assets.xcassets */,
				279259531C719F9200855E43 /* LaunchScreen.storyboard */,
				27E5D3F81C75F36E0034AB9D /* tori.jpg */,
				279259561C719F9200855E43 /* Info.plist */,
				27C5ED411C858CC000CF1FC3 /* frower.sks */,
			);
			path = "A!";
			sourceTree = "<group>";
		};
		27C5ECFB1C85664D00CF1FC3 /* Spring */ = {
			isa = PBXGroup;
			children = (
				27C5ECFC1C85664D00CF1FC3 /* AsyncButton.swift */,
				27C5ECFD1C85664D00CF1FC3 /* AsyncImageView.swift */,
				27C5ECFE1C85664D00CF1FC3 /* AutoTextView.swift */,
				27C5ECFF1C85664D00CF1FC3 /* BlurView.swift */,
				27C5ED001C85664D00CF1FC3 /* DesignableButton.swift */,
				27C5ED011C85664D00CF1FC3 /* DesignableImageView.swift */,
				27C5ED021C85664D00CF1FC3 /* DesignableLabel.swift */,
				27C5ED031C85664D00CF1FC3 /* DesignableTabBarController.swift */,
				27C5ED041C85664D00CF1FC3 /* DesignableTextField.swift */,
				27C5ED051C85664D00CF1FC3 /* DesignableTextView.swift */,
				27C5ED061C85664D00CF1FC3 /* DesignableView.swift */,
				27C5ED071C85664D00CF1FC3 /* ImageLoader.swift */,
				27C5ED081C85664D00CF1FC3 /* Info.plist */,
				27C5ED091C85664D00CF1FC3 /* KeyboardLayoutConstraint.swift */,
				27C5ED0A1C85664D00CF1FC3 /* LoadingView.swift */,
				27C5ED0B1C85664D00CF1FC3 /* LoadingView.xib */,
				27C5ED0C1C85664D00CF1FC3 /* Misc.swift */,
				27C5ED0D1C85664D00CF1FC3 /* SoundPlayer.swift */,
				27C5ED0E1C85664D00CF1FC3 /* Spring.h */,
				27C5ED0F1C85664D00CF1FC3 /* Spring.swift */,
				27C5ED101C85664D00CF1FC3 /* SpringAnimation.swift */,
				27C5ED111C85664D00CF1FC3 /* SpringButton.swift */,
				27C5ED121C85664D00CF1FC3 /* SpringImageView.swift */,
				27C5ED131C85664D00CF1FC3 /* SpringLabel.swift */,
				27C5ED141C85664D00CF1FC3 /* SpringTextField.swift */,
				27C5ED151C85664D00CF1FC3 /* SpringTextView.swift */,
				27C5ED161C85664D00CF1FC3 /* SpringView.swift */,
				27C5ED171C85664D00CF1FC3 /* TransitionManager.swift */,
				27C5ED181C85664D00CF1FC3 /* TransitionZoom.swift */,
				27C5ED191C85664D00CF1FC3 /* UnwindSegue.swift */,
			);
			path = Spring;
			sourceTree = "<group>";
		};
/* End PBXGroup section */

/* Begin PBXNativeTarget section */
		279259461C719F9200855E43 /* A! */ = {
			isa = PBXNativeTarget;
			buildConfigurationList = 279259591C719F9200855E43 /* Build configuration list for PBXNativeTarget "A!" */;
			buildPhases = (
				279259431C719F9200855E43 /* Sources */,
				279259441C719F9200855E43 /* Frameworks */,
				279259451C719F9200855E43 /* Resources */,
			);
			buildRules = (
			);
			dependencies = (
			);
			name = "A!";
			productName = "A!";
			productReference = 279259471C719F9200855E43 /* A!.app */;
			productType = "com.apple.product-type.application";
		};
/* End PBXNativeTarget section */

/* Begin PBXProject section */
		2792593F1C719F9200855E43 /* Project object */ = {
			isa = PBXProject;
			attributes = {
				LastSwiftUpdateCheck = 0720;
				LastUpgradeCheck = 0720;
				ORGANIZATIONNAME = KadeHina;
				TargetAttributes = {
					279259461C719F9200855E43 = {
						CreatedOnToolsVersion = 7.2.1;
						DevelopmentTeam = P4J833327G;
					};
				};
			};
			buildConfigurationList = 279259421C719F9200855E43 /* Build configuration list for PBXProject "A!" */;
			compatibilityVersion = "Xcode 3.2";
			developmentRegion = English;
			hasScannedForEncodings = 0;
			knownRegions = (
				en,
				Base,
			);
			mainGroup = 2792593E1C719F9200855E43;
			productRefGroup = 279259481C719F9200855E43 /* Products */;
			projectDirPath = "";
			projectRoot = "";
			targets = (
				279259461C719F9200855E43 /* A! */,
			);
		};
/* End PBXProject section */

/* Begin PBXResourcesBuildPhase section */
		279259451C719F9200855E43 /* Resources */ = {
			isa = PBXResourcesBuildPhase;
			buildActionMask = 2147483647;
			files = (
				276BDB241C8810F000ADEA9A /* Icon.png in Resources */,
				276BDB1F1C8810F000ADEA9A /* Icon-60.png in Resources */,
				279259551C719F9200855E43 /* LaunchScreen.storyboard in Resources */,
				276BDB1B1C8810F000ADEA9A /* Icon-83.5@2x.png in Resources */,
				278A3AAE1C9146B1005A16B1 /* btnstart.mp3 in Resources */,
				276ADD031C82A8060064E2C0 /* Myapp.jpg in Resources */,
				276BDB131C8810F000ADEA9A /* Contents.json in Resources */,
				276BDB261C8810F000ADEA9A /* iTunesArtwork.png in Resources */,
				276BDB221C8810F000ADEA9A /* Icon-Small-50.png in Resources */,
				27C5ED3A1C856D8400CF1FC3 /* l201004261600.jpg in Resources */,
				276BDB191C8810F000ADEA9A /* Icon-76.png in Resources */,
				276BDB251C8810F000ADEA9A /* Icon@2x.png in Resources */,
				27E57C831C81EF7E0041AB3E /* 山.mov in Resources */,
				27E5D3F91C75F36E0034AB9D /* tori.jpg in Resources */,
				27F290F61C85642F00E03836 /* first_backview.jpg in Resources */,
				274AB4471C7FFF1900802C30 /* recorder.mp3 in Resources */,
				276BDB271C8810F000ADEA9A /* iTunesArtwork@2x.png in Resources */,
				276BDB201C8810F000ADEA9A /* Icon-72.png in Resources */,
				276BDB141C8810F000ADEA9A /* Icon-40.png in Resources */,
				27F6A9061C80AC27004EED2C /* yakei.jpg in Resources */,
				276BDB1D1C8810F000ADEA9A /* Icon-Small@2x.png in Resources */,
				276BDB181C8810F000ADEA9A /* Icon-60@3x.png in Resources */,
				27C5ED381C8569ED00CF1FC3 /* finalview.jpg in Resources */,
				279259521C719F9200855E43 /* Assets.xcassets in Resources */,
				27C5ED3C1C856E2900CF1FC3 /* 火山.jpg in Resources */,
				276BDB1C1C8810F000ADEA9A /* Icon-Small.png in Resources */,
				276BDB231C8810F000ADEA9A /* Icon-Small-50@2x.png in Resources */,
				27C5ED261C85664D00CF1FC3 /* Info.plist in Resources */,
				276BDB161C8810F000ADEA9A /* Icon-40@3x.png in Resources */,
				27C5ED421C858CC000CF1FC3 /* frower.sks in Resources */,
				27C5ED291C85664D00CF1FC3 /* LoadingView.xib in Resources */,
				279573FA1C91539D0031639E /* backbtn.jpg in Resources */,
				276BDB171C8810F000ADEA9A /* Icon-60@2x.png in Resources */,
				276BDB151C8810F000ADEA9A /* Icon-40@2x.png in Resources */,
				279259501C719F9200855E43 /* Main.storyboard in Resources */,
				276BDB1A1C8810F000ADEA9A /* Icon-76@2x.png in Resources */,
				276BDB211C8810F000ADEA9A /* Icon-72@2x.png in Resources */,
				276BDB1E1C8810F000ADEA9A /* Icon-Small@3x.png in Resources */,
				27E57C851C81F4170041AB3E /* yama.jpg in Resources */,
			);
			runOnlyForDeploymentPostprocessing = 0;
		};
/* End PBXResourcesBuildPhase section */

/* Begin PBXSourcesBuildPhase section */
		279259431C719F9200855E43 /* Sources */ = {
			isa = PBXSourcesBuildPhase;
			buildActionMask = 2147483647;
			files = (
				27F290F41C85631500E03836 /* FirstViewController.swift in Sources */,
				27C5ED2B1C85664D00CF1FC3 /* SoundPlayer.swift in Sources */,
				27C5ED1F1C85664D00CF1FC3 /* DesignableImageView.swift in Sources */,
				27C5ED311C85664D00CF1FC3 /* SpringTextField.swift in Sources */,
				27185C4B1C73017F00E60B64 /* 002ViewController.swift in Sources */,
				27C5ED221C85664D00CF1FC3 /* DesignableTextField.swift in Sources */,
				27C5ED341C85664D00CF1FC3 /* TransitionManager.swift in Sources */,
				27C5ED2D1C85664D00CF1FC3 /* SpringAnimation.swift in Sources */,
				27C5ED1A1C85664D00CF1FC3 /* AsyncButton.swift in Sources */,
				276BDB281C8810F000ADEA9A /* README.md in Sources */,
				27C5ED271C85664D00CF1FC3 /* KeyboardLayoutConstraint.swift in Sources */,
				27C5ED1E1C85664D00CF1FC3 /* DesignableButton.swift in Sources */,
				27A3DE4E1C7AE16B005CCDA7 /* ThirdViewController.swift in Sources */,
				27F6A9041C806FF2004EED2C /* customButtonr.swift in Sources */,
				27C5ED241C85664D00CF1FC3 /* DesignableView.swift in Sources */,
				27C5ED351C85664D00CF1FC3 /* TransitionZoom.swift in Sources */,
				27C5ED1D1C85664D00CF1FC3 /* BlurView.swift in Sources */,
				2792594B1C719F9200855E43 /* AppDelegate.swift in Sources */,
				27C5ED251C85664D00CF1FC3 /* ImageLoader.swift in Sources */,
				27C5ED331C85664D00CF1FC3 /* SpringView.swift in Sources */,
				27C5ED301C85664D00CF1FC3 /* SpringLabel.swift in Sources */,
				27C5ED2A1C85664D00CF1FC3 /* Misc.swift in Sources */,
				27C5ED211C85664D00CF1FC3 /* DesignableTabBarController.swift in Sources */,
				27C5ED1C1C85664D00CF1FC3 /* AutoTextView.swift in Sources */,
				27C5ED231C85664D00CF1FC3 /* DesignableTextView.swift in Sources */,
				27C5ED2C1C85664D00CF1FC3 /* Spring.swift in Sources */,
				27ABBC841C939F9900566203 /* omakeViewController.swift in Sources */,
				27ABBC861C94051500566203 /* textcomitViewController.swift in Sources */,
				27C5ED2E1C85664D00CF1FC3 /* SpringButton.swift in Sources */,
				27C5ED361C85664D00CF1FC3 /* UnwindSegue.swift in Sources */,
				27C5ED201C85664D00CF1FC3 /* DesignableLabel.swift in Sources */,
				27C5ED2F1C85664D00CF1FC3 /* SpringImageView.swift in Sources */,
				27C5ED281C85664D00CF1FC3 /* LoadingView.swift in Sources */,
				27C5ED321C85664D00CF1FC3 /* SpringTextView.swift in Sources */,
				27C5ED1B1C85664D00CF1FC3 /* AsyncImageView.swift in Sources */,
			);
			runOnlyForDeploymentPostprocessing = 0;
		};
/* End PBXSourcesBuildPhase section */

/* Begin PBXVariantGroup section */
		2792594E1C719F9200855E43 /* Main.storyboard */ = {
			isa = PBXVariantGroup;
			children = (
				2792594F1C719F9200855E43 /* Base */,
			);
			name = Main.storyboard;
			sourceTree = "<group>";
		};
		279259531C719F9200855E43 /* LaunchScreen.storyboard */ = {
			isa = PBXVariantGroup;
			children = (
				279259541C719F9200855E43 /* Base */,
			);
			name = LaunchScreen.storyboard;
			sourceTree = "<group>";
		};
/* End PBXVariantGroup section */

/* Begin XCBuildConfiguration section */
		279259571C719F9200855E43 /* Debug */ = {
			isa = XCBuildConfiguration;
			buildSettings = {
				ALWAYS_SEARCH_USER_PATHS = NO;
				CLANG_CXX_LANGUAGE_STANDARD = "gnu++0x";
				CLANG_CXX_LIBRARY = "libc++";
				CLANG_ENABLE_MODULES = YES;
				CLANG_ENABLE_OBJC_ARC = YES;
				CLANG_WARN_BOOL_CONVERSION = YES;
				CLANG_WARN_CONSTANT_CONVERSION = YES;
				CLANG_WARN_DIRECT_OBJC_ISA_USAGE = YES_ERROR;
				CLANG_WARN_EMPTY_BODY = YES;
				CLANG_WARN_ENUM_CONVERSION = YES;
				CLANG_WARN_INT_CONVERSION = YES;
				CLANG_WARN_OBJC_ROOT_CLASS = YES_ERROR;
				CLANG_WARN_UNREACHABLE_CODE = YES;
				CLANG_WARN__DUPLICATE_METHOD_MATCH = YES;
				"CODE_SIGN_IDENTITY[sdk=iphoneos*]" = "iPhone Developer";
				COPY_PHASE_STRIP = NO;
				DEBUG_INFORMATION_FORMAT = dwarf;
				ENABLE_STRICT_OBJC_MSGSEND = YES;
				ENABLE_TESTABILITY = YES;
				GCC_C_LANGUAGE_STANDARD = gnu99;
				GCC_DYNAMIC_NO_PIC = NO;
				GCC_NO_COMMON_BLOCKS = YES;
				GCC_OPTIMIZATION_LEVEL = 0;
				GCC_PREPROCESSOR_DEFINITIONS = (
					"DEBUG=1",
					"$(inherited)",
				);
				GCC_WARN_64_TO_32_BIT_CONVERSION = YES;
				GCC_WARN_ABOUT_RETURN_TYPE = YES_ERROR;
				GCC_WARN_UNDECLARED_SELECTOR = YES;
				GCC_WARN_UNINITIALIZED_AUTOS = YES_AGGRESSIVE;
				GCC_WARN_UNUSED_FUNCTION = YES;
				GCC_WARN_UNUSED_VARIABLE = YES;
				IPHONEOS_DEPLOYMENT_TARGET = 9.2;
				MTL_ENABLE_DEBUG_INFO = YES;
				ONLY_ACTIVE_ARCH = YES;
				SDKROOT = iphoneos;
				SWIFT_OPTIMIZATION_LEVEL = "-Onone";
			};
			name = Debug;
		};
		279259581C719F9200855E43 /* Release */ = {
			isa = XCBuildConfiguration;
			buildSettings = {
				ALWAYS_SEARCH_USER_PATHS = NO;
				CLANG_CXX_LANGUAGE_STANDARD = "gnu++0x";
				CLANG_CXX_LIBRARY = "libc++";
				CLANG_ENABLE_MODULES = YES;
				CLANG_ENABLE_OBJC_ARC = YES;
				CLANG_WARN_BOOL_CONVERSION = YES;
				CLANG_WARN_CONSTANT_CONVERSION = YES;
				CLANG_WARN_DIRECT_OBJC_ISA_USAGE = YES_ERROR;
				CLANG_WARN_EMPTY_BODY = YES;
				CLANG_WARN_ENUM_CONVERSION = YES;
				CLANG_WARN_INT_CONVERSION = YES;
				CLANG_WARN_OBJC_ROOT_CLASS = YES_ERROR;
				CLANG_WARN_UNREACHABLE_CODE = YES;
				CLANG_WARN__DUPLICATE_METHOD_MATCH = YES;
				"CODE_SIGN_IDENTITY[sdk=iphoneos*]" = "iPhone Developer";
				COPY_PHASE_STRIP = NO;
				DEBUG_INFORMATION_FORMAT = "dwarf-with-dsym";
				ENABLE_NS_ASSERTIONS = NO;
				ENABLE_STRICT_OBJC_MSGSEND = YES;
				GCC_C_LANGUAGE_STANDARD = gnu99;
				GCC_NO_COMMON_BLOCKS = YES;
				GCC_WARN_64_TO_32_BIT_CONVERSION = YES;
				GCC_WARN_ABOUT_RETURN_TYPE = YES_ERROR;
				GCC_WARN_UNDECLARED_SELECTOR = YES;
				GCC_WARN_UNINITIALIZED_AUTOS = YES_AGGRESSIVE;
				GCC_WARN_UNUSED_FUNCTION = YES;
				GCC_WARN_UNUSED_VARIABLE = YES;
				IPHONEOS_DEPLOYMENT_TARGET = 9.2;
				MTL_ENABLE_DEBUG_INFO = NO;
				SDKROOT = iphoneos;
				VALIDATE_PRODUCT = YES;
			};
			name = Release;
		};
		2792595A1C719F9200855E43 /* Debug */ = {
			isa = XCBuildConfiguration;
			buildSettings = {
				ASSETCATALOG_COMPILER_APPICON_NAME = AppIcon;
				INFOPLIST_FILE = "A!/Info.plist";
				LD_RUNPATH_SEARCH_PATHS = "$(inherited) @executable_path/Frameworks";
				PRODUCT_BUNDLE_IDENTIFIER = "com.kade.A-";
				PRODUCT_NAME = "$(TARGET_NAME)";
			};
			name = Debug;
		};
		2792595B1C719F9200855E43 /* Release */ = {
			isa = XCBuildConfiguration;
			buildSettings = {
				ASSETCATALOG_COMPILER_APPICON_NAME = AppIcon;
				INFOPLIST_FILE = "A!/Info.plist";
				LD_RUNPATH_SEARCH_PATHS = "$(inherited) @executable_path/Frameworks";
				PRODUCT_BUNDLE_IDENTIFIER = "com.kade.A-";
				PRODUCT_NAME = "$(TARGET_NAME)";
			};
			name = Release;
		};
/* End XCBuildConfiguration section */

/* Begin XCConfigurationList section */
		279259421C719F9200855E43 /* Build configuration list for PBXProject "A!" */ = {
			isa = XCConfigurationList;
			buildConfigurations = (
				279259571C719F9200855E43 /* Debug */,
				279259581C719F9200855E43 /* Release */,
			);
			defaultConfigurationIsVisible = 0;
			defaultConfigurationName = Release;
		};
		279259591C719F9200855E43 /* Build configuration list for PBXNativeTarget "A!" */ = {
			isa = XCConfigurationList;
			buildConfigurations = (
				2792595A1C719F9200855E43 /* Debug */,
				2792595B1C719F9200855E43 /* Release */,
			);
			defaultConfigurationIsVisible = 0;
			defaultConfigurationName = Release;
		};
/* End XCConfigurationList section */
	};
	rootObject = 2792593F1C719F9200855E43 /* Project object */;
}
